
Microsoft Visual Studio Solution File, Format Version 12.00
# Visual Studio Version 17
VisualStudioVersion = 17.6.33723.286
MinimumVisualStudioVersion = 10.0.40219.1
Project("{FAE04EC0-301F-11D3-BF4B-00C04F79EFBC}") = "Backend", "Backend\Backend.csproj", "{B03EBF88-300C-45E7-859C-7C04C3D4487A}"
EndProject
Project("{FAE04EC0-301F-11D3-BF4B-00C04F79EFBC}") = "Backend.Contracts", "Backend.Contracts\Backend.Contracts.csproj", "{5F83C22C-0D32-4D99-BA19-E27CFF28D3D7}"
EndProject
Global
	GlobalSection(SolutionConfigurationPlatforms) = preSolution
		Debug|Any CPU = Debug|Any CPU
		Release|Any CPU = Release|Any CPU
	EndGlobalSection
	GlobalSection(ProjectConfigurationPlatforms) = postSolution
		{B03EBF88-300C-45E7-859C-7C04C3D4487A}.Debug|Any CPU.ActiveCfg = Debug|Any CPU
		{B03EBF88-300C-45E7-859C-7C04C3D4487A}.Debug|Any CPU.Build.0 = Debug|Any CPU
		{B03EBF88-300C-45E7-859C-7C04C3D4487A}.Release|Any CPU.ActiveCfg = Release|Any CPU
		{B03EBF88-300C-45E7-859C-7C04C3D4487A}.Release|Any CPU.Build.0 = Release|Any CPU
		{5F83C22C-0D32-4D99-BA19-E27CFF28D3D7}.Debug|Any CPU.ActiveCfg = Debug|Any CPU
		{5F83C22C-0D32-4D99-BA19-E27CFF28D3D7}.Debug|Any CPU.Build.0 = Debug|Any CPU
		{5F83C22C-0D32-4D99-BA19-E27CFF28D3D7}.Release|Any CPU.ActiveCfg = Release|Any CPU
		{5F83C22C-0D32-4D99-BA19-E27CFF28D3D7}.Release|Any CPU.Build.0 = Release|Any CPU
	EndGlobalSection
	GlobalSection(SolutionProperties) = preSolution
		HideSolutionNode = FALSE
	EndGlobalSection
	GlobalSection(ExtensibilityGlobals) = postSolution
		SolutionGuid = {CA07B9D0-20FE-47B1-AE71-0945F66A69E5}
	EndGlobalSection
EndGlobal
